// !$*UTF8*$!
{
	archiveVersion = 1;
	classes = {
	};
	objectVersion = 48;
	objects = {

/* Begin PBXBuildFile section */
		71AFFB331FE58DF200BE773C /* AppDelegate.swift in Sources */ = {isa = PBXBuildFile; fileRef = 71AFFB321FE58DF200BE773C /* AppDelegate.swift */; };
		71AFFB351FE58DF200BE773C /* GameScene.sks in Resources */ = {isa = PBXBuildFile; fileRef = 71AFFB341FE58DF200BE773C /* GameScene.sks */; };
		71AFFB371FE58DF200BE773C /* Actions.sks in Resources */ = {isa = PBXBuildFile; fileRef = 71AFFB361FE58DF200BE773C /* Actions.sks */; };
		71AFFB391FE58DF200BE773C /* GameScene.swift in Sources */ = {isa = PBXBuildFile; fileRef = 71AFFB381FE58DF200BE773C /* GameScene.swift */; };
		71AFFB3B1FE58DF200BE773C /* GameViewController.swift in Sources */ = {isa = PBXBuildFile; fileRef = 71AFFB3A1FE58DF200BE773C /* GameViewController.swift */; };
		71AFFB3E1FE58DF200BE773C /* Main.storyboard in Resources */ = {isa = PBXBuildFile; fileRef = 71AFFB3C1FE58DF200BE773C /* Main.storyboard */; };
		71AFFB401FE58DF200BE773C /* Assets.xcassets in Resources */ = {isa = PBXBuildFile; fileRef = 71AFFB3F1FE58DF200BE773C /* Assets.xcassets */; };
		71AFFB431FE58DF200BE773C /* LaunchScreen.storyboard in Resources */ = {isa = PBXBuildFile; fileRef = 71AFFB411FE58DF200BE773C /* LaunchScreen.storyboard */; };
/* End PBXBuildFile section */

/* Begin PBXFileReference section */
		71AFFB2F1FE58DF200BE773C /* VeryOriginalPuzzleGame.app */ = {isa = PBXFileReference; explicitFileType = wrapper.application; includeInIndex = 0; path = VeryOriginalPuzzleGame.app; sourceTree = BUILT_PRODUCTS_DIR; };
		71AFFB321FE58DF200BE773C /* AppDelegate.swift */ = {isa = PBXFileReference; lastKnownFileType = sourcecode.swift; path = AppDelegate.swift; sourceTree = "<group>"; };
		71AFFB341FE58DF200BE773C /* GameScene.sks */ = {isa = PBXFileReference; lastKnownFileType = file.sks; path = GameScene.sks; sourceTree = "<group>"; };
		71AFFB361FE58DF200BE773C /* Actions.sks */ = {isa = PBXFileReference; lastKnownFileType = file.sks; path = Actions.sks; sourceTree = "<group>"; };
		71AFFB381FE58DF200BE773C /* GameScene.swift */ = {isa = PBXFileReference; lastKnownFileType = sourcecode.swift; path = GameScene.swift; sourceTree = "<group>"; };
		71AFFB3A1FE58DF200BE773C /* GameViewController.swift */ = {isa = PBXFileReference; lastKnownFileType = sourcecode.swift; path = GameViewController.swift; sourceTree = "<group>"; };
		71AFFB3D1FE58DF200BE773C /* Base */ = {isa = PBXFileReference; lastKnownFileType = file.storyboard; name = Base; path = Base.lproj/Main.storyboard; sourceTree = "<group>"; };
		71AFFB3F1FE58DF200BE773C /* Assets.xcassets */ = {isa = PBXFileReference; lastKnownFileType = folder.assetcatalog; path = Assets.xcassets; sourceTree = "<group>"; };
		71AFFB421FE58DF200BE773C /* Base */ = {isa = PBXFileReference; lastKnownFileType = file.storyboard; name = Base; path = Base.lproj/LaunchScreen.storyboard; sourceTree = "<group>"; };
		71AFFB441FE58DF200BE773C /* Info.plist */ = {isa = PBXFileReference; lastKnownFileType = text.plist.xml; path = Info.plist; sourceTree = "<group>"; };
/* End PBXFileReference section */

/* Begin PBXFrameworksBuildPhase section */
		71AFFB2C1FE58DF200BE773C /* Frameworks */ = {
			isa = PBXFrameworksBuildPhase;
			buildActionMask = 2147483647;
			files = (
			);
			runOnlyForDeploymentPostprocessing = 0;
		};
/* End PBXFrameworksBuildPhase section */

/* Begin PBXGroup section */
		71AFFB261FE58DF200BE773C = {
			isa = PBXGroup;
			children = (
				71AFFB311FE58DF200BE773C /* VeryOriginalPuzzleGame */,
				71AFFB301FE58DF200BE773C /* Products */,
			);
			sourceTree = "<group>";
		};
		71AFFB301FE58DF200BE773C /* Products */ = {
			isa = PBXGroup;
			children = (
				71AFFB2F1FE58DF200BE773C /* VeryOriginalPuzzleGame.app */,
			);
			name = Products;
			sourceTree = "<group>";
		};
		71AFFB311FE58DF200BE773C /* VeryOriginalPuzzleGame */ = {
			isa = PBXGroup;
			children = (
				71AFFB321FE58DF200BE773C /* AppDelegate.swift */,
				71AFFB341FE58DF200BE773C /* GameScene.sks */,
				71AFFB361FE58DF200BE773C /* Actions.sks */,
				71AFFB381FE58DF200BE773C /* GameScene.swift */,
				71AFFB3A1FE58DF200BE773C /* GameViewController.swift */,
				71AFFB3C1FE58DF200BE773C /* Main.storyboard */,
				71AFFB3F1FE58DF200BE773C /* Assets.xcassets */,
				71AFFB411FE58DF200BE773C /* LaunchScreen.storyboard */,
				71AFFB441FE58DF200BE773C /* Info.plist */,
			);
			path = VeryOriginalPuzzleGame;
			sourceTree = "<group>";
		};
/* End PBXGroup section */

/* Begin PBXNativeTarget section */
		71AFFB2E1FE58DF200BE773C /* VeryOriginalPuzzleGame */ = {
			isa = PBXNativeTarget;
			buildConfigurationList = 71AFFB471FE58DF200BE773C /* Build configuration list for PBXNativeTarget "VeryOriginalPuzzleGame" */;
			buildPhases = (
				71AFFB2B1FE58DF200BE773C /* Sources */,
				71AFFB2C1FE58DF200BE773C /* Frameworks */,
				71AFFB2D1FE58DF200BE773C /* Resources */,
			);
			buildRules = (
			);
			dependencies = (
			);
			name = VeryOriginalPuzzleGame;
			productName = VeryOriginalPuzzleGame;
			productReference = 71AFFB2F1FE58DF200BE773C /* VeryOriginalPuzzleGame.app */;
			productType = "com.apple.product-type.application";
		};
/* End PBXNativeTarget section */

/* Begin PBXProject section */
		71AFFB271FE58DF200BE773C /* Project object */ = {
			isa = PBXProject;
			attributes = {
				LastSwiftUpdateCheck = 0920;
				LastUpgradeCheck = 0920;
				ORGANIZATIONNAME = "Shawn Roller";
				TargetAttributes = {
					71AFFB2E1FE58DF200BE773C = {
						CreatedOnToolsVersion = 9.2;
						ProvisioningStyle = Automatic;
					};
				};
			};
			buildConfigurationList = 71AFFB2A1FE58DF200BE773C /* Build configuration list for PBXProject "VeryOriginalPuzzleGame" */;
			compatibilityVersion = "Xcode 8.0";
			developmentRegion = en;
			hasScannedForEncodings = 0;
			knownRegions = (
				en,
				Base,
			);
			mainGroup = 71AFFB261FE58DF200BE773C;
			productRefGroup = 71AFFB301FE58DF200BE773C /* Products */;
			projectDirPath = "";
			projectRoot = "";
			targets = (
				71AFFB2E1FE58DF200BE773C /* VeryOriginalPuzzleGame */,
			);
		};
/* End PBXProject section */

/* Begin PBXResourcesBuildPhase section */
		71AFFB2D1FE58DF200BE773C /* Resources */ = {
			isa = PBXResourcesBuildPhase;
			buildActionMask = 2147483647;
			files = (
				71AFFB3E1FE58DF200BE773C /* Main.storyboard in Resources */,
				71AFFB351FE58DF200BE773C /* GameScene.sks in Resources */,
				71AFFB401FE58DF200BE773C /* Assets.xcassets in Resources */,
				71AFFB431FE58DF200BE773C /* LaunchScreen.storyboard in Resources */,
				71AFFB371FE58DF200BE773C /* Actions.sks in Resources */,
			);
			runOnlyForDeploymentPostprocessing = 0;
		};
/* End PBXResourcesBuildPhase section */

/* Begin PBXSourcesBuildPhase section */
		71AFFB2B1FE58DF200BE773C /* Sources */ = {
			isa = PBXSourcesBuildPhase;
			buildActionMask = 2147483647;
			files = (
				71AFFB391FE58DF200BE773C /* GameScene.swift in Sources */,
				71AFFB3B1FE58DF200BE773C /* GameViewController.swift in Sources */,
				71AFFB331FE58DF200BE773C /* AppDelegate.swift in Sources */,
			);
			runOnlyForDeploymentPostprocessing = 0;
		};
/* End PBXSourcesBuildPhase section */

/* Begin PBXVariantGroup section */
		71AFFB3C1FE58DF200BE773C /* Main.storyboard */ = {
			isa = PBXVariantGroup;
			children = (
				71AFFB3D1FE58DF200BE773C /* Base */,
			);
			name = Main.storyboard;
			sourceTree = "<group>";
		};
		71AFFB411FE58DF200BE773C /* LaunchScreen.storyboard */ = {
			isa = PBXVariantGroup;
			children = (
				71AFFB421FE58DF200BE773C /* Base */,
			);
			name = LaunchScreen.storyboard;
			sourceTree = "<group>";
		};
/* End PBXVariantGroup section */

/* Begin XCBuildConfiguration section */
		71AFFB451FE58DF200BE773C /* Debug */ = {
			isa = XCBuildConfiguration;
			buildSettings = {
				ALWAYS_SEARCH_USER_PATHS = NO;
				CLANG_ANALYZER_NONNULL = YES;
				CLANG_ANALYZER_NUMBER_OBJECT_CONVERSION = YES_AGGRESSIVE;
				CLANG_CXX_LANGUAGE_STANDARD = "gnu++14";
				CLANG_CXX_LIBRARY = "libc++";
				CLANG_ENABLE_MODULES = YES;
				CLANG_ENABLE_OBJC_ARC = YES;
				CLANG_WARN_BLOCK_CAPTURE_AUTORELEASING = YES;
				CLANG_WARN_BOOL_CONVERSION = YES;
				CLANG_WARN_COMMA = YES;
				CLANG_WARN_CONSTANT_CONVERSION = YES;
				CLANG_WARN_DIRECT_OBJC_ISA_USAGE = YES_ERROR;
				CLANG_WARN_DOCUMENTATION_COMMENTS = YES;
				CLANG_WARN_EMPTY_BODY = YES;
				CLANG_WARN_ENUM_CONVERSION = YES;
				CLANG_WARN_INFINITE_RECURSION = YES;
				CLANG_WARN_INT_CONVERSION = YES;
				CLANG_WARN_NON_LITERAL_NULL_CONVERSION = YES;
				CLANG_WARN_OBJC_LITERAL_CONVERSION = YES;
				CLANG_WARN_OBJC_ROOT_CLASS = YES_ERROR;
				CLANG_WARN_RANGE_LOOP_ANALYSIS = YES;
				CLANG_WARN_STRICT_PROTOTYPES = YES;
				CLANG_WARN_SUSPICIOUS_MOVE = YES;
				CLANG_WARN_UNGUARDED_AVAILABILITY = YES_AGGRESSIVE;
				CLANG_WARN_UNREACHABLE_CODE = YES;
				CLANG_WARN__DUPLICATE_METHOD_MATCH = YES;
				CODE_SIGN_IDENTITY = "iPhone Developer";
				COPY_PHASE_STRIP = NO;
				DEBUG_INFORMATION_FORMAT = dwarf;
				ENABLE_STRICT_OBJC_MSGSEND = YES;
				ENABLE_TESTABILITY = YES;
				GCC_C_LANGUAGE_STANDARD = gnu11;
				GCC_DYNAMIC_NO_PIC = NO;
				GCC_NO_COMMON_BLOCKS = YES;
				GCC_OPTIMIZATION_LEVEL = 0;
				GCC_PREPROCESSOR_DEFINITIONS = (
					"DEBUG=1",
					"$(inherited)",
				);
				GCC_WARN_64_TO_32_BIT_CONVERSION = YES;
				GCC_WARN_ABOUT_RETURN_TYPE = YES_ERROR;
				GCC_WARN_UNDECLARED_SELECTOR = YES;
				GCC_WARN_UNINITIALIZED_AUTOS = YES_AGGRESSIVE;
				GCC_WARN_UNUSED_FUNCTION = YES;
				GCC_WARN_UNUSED_VARIABLE = YES;
				IPHONEOS_DEPLOYMENT_TARGET = 11.2;
				MTL_ENABLE_DEBUG_INFO = YES;
				ONLY_ACTIVE_ARCH = YES;
				SDKROOT = iphoneos;
				SWIFT_ACTIVE_COMPILATION_CONDITIONS = DEBUG;
				SWIFT_OPTIMIZATION_LEVEL = "-Onone";
			};
			name = Debug;
		};
		71AFFB461FE58DF200BE773C /* Release */ = {
			isa = XCBuildConfiguration;
			buildSettings = {
				ALWAYS_SEARCH_USER_PATHS = NO;
				CLANG_ANALYZER_NONNULL = YES;
				CLANG_ANALYZER_NUMBER_OBJECT_CONVERSION = YES_AGGRESSIVE;
				CLANG_CXX_LANGUAGE_STANDARD = "gnu++14";
				CLANG_CXX_LIBRARY = "libc++";
				CLANG_ENABLE_MODULES = YES;
				CLANG_ENABLE_OBJC_ARC = YES;
				CLANG_WARN_BLOCK_CAPTURE_AUTORELEASING = YES;
				CLANG_WARN_BOOL_CONVERSION = YES;
				CLANG_WARN_COMMA = YES;
				CLANG_WARN_CONSTANT_CONVERSION = YES;
				CLANG_WARN_DIRECT_OBJC_ISA_USAGE = YES_ERROR;
				CLANG_WARN_DOCUMENTATION_COMMENTS = YES;
				CLANG_WARN_EMPTY_BODY = YES;
				CLANG_WARN_ENUM_CONVERSION = YES;
				CLANG_WARN_INFINITE_RECURSION = YES;
				CLANG_WARN_INT_CONVERSION = YES;
				CLANG_WARN_NON_LITERAL_NULL_CONVERSION = YES;
				CLANG_WARN_OBJC_LITERAL_CONVERSION = YES;
				CLANG_WARN_OBJC_ROOT_CLASS = YES_ERROR;
				CLANG_WARN_RANGE_LOOP_ANALYSIS = YES;
				CLANG_WARN_STRICT_PROTOTYPES = YES;
				CLANG_WARN_SUSPICIOUS_MOVE = YES;
				CLANG_WARN_UNGUARDED_AVAILABILITY = YES_AGGRESSIVE;
				CLANG_WARN_UNREACHABLE_CODE = YES;
				CLANG_WARN__DUPLICATE_METHOD_MATCH = YES;
				CODE_SIGN_IDENTITY = "iPhone Developer";
				COPY_PHASE_STRIP = NO;
				DEBUG_INFORMATION_FORMAT = "dwarf-with-dsym";
				ENABLE_NS_ASSERTIONS = NO;
				ENABLE_STRICT_OBJC_MSGSEND = YES;
				GCC_C_LANGUAGE_STANDARD = gnu11;
				GCC_NO_COMMON_BLOCKS = YES;
				GCC_WARN_64_TO_32_BIT_CONVERSION = YES;
				GCC_WARN_ABOUT_RETURN_TYPE = YES_ERROR;
				GCC_WARN_UNDECLARED_SELECTOR = YES;
				GCC_WARN_UNINITIALIZED_AUTOS = YES_AGGRESSIVE;
				GCC_WARN_UNUSED_FUNCTION = YES;
				GCC_WARN_UNUSED_VARIABLE = YES;
				IPHONEOS_DEPLOYMENT_TARGET = 11.2;
				MTL_ENABLE_DEBUG_INFO = NO;
				SDKROOT = iphoneos;
				SWIFT_OPTIMIZATION_LEVEL = "-Owholemodule";
				VALIDATE_PRODUCT = YES;
			};
			name = Release;
		};
		71AFFB481FE58DF200BE773C /* Debug */ = {
			isa = XCBuildConfiguration;
			buildSettings = {
				ASSETCATALOG_COMPILER_APPICON_NAME = AppIcon;
				CODE_SIGN_STYLE = Automatic;
				DEVELOPMENT_TEAM = EWH85CQYYJ;
				INFOPLIST_FILE = VeryOriginalPuzzleGame/Info.plist;
				LD_RUNPATH_SEARCH_PATHS = "$(inherited) @executable_path/Frameworks";
				PRODUCT_BUNDLE_IDENTIFIER = "com.offensively-bad.VeryOriginalPuzzleGame";
				PRODUCT_NAME = "$(TARGET_NAME)";
				SWIFT_VERSION = 4.0;
				TARGETED_DEVICE_FAMILY = "1,2";
			};
			name = Debug;
		};
		71AFFB491FE58DF200BE773C /* Release */ = {
			isa = XCBuildConfiguration;
			buildSettings = {
				ASSETCATALOG_COMPILER_APPICON_NAME = AppIcon;
				CODE_SIGN_STYLE = Automatic;
				DEVELOPMENT_TEAM = EWH85CQYYJ;
				INFOPLIST_FILE = VeryOriginalPuzzleGame/Info.plist;
				LD_RUNPATH_SEARCH_PATHS = "$(inherited) @executable_path/Frameworks";
				PRODUCT_BUNDLE_IDENTIFIER = "com.offensively-bad.VeryOriginalPuzzleGame";
				PRODUCT_NAME = "$(TARGET_NAME)";
				SWIFT_VERSION = 4.0;
				TARGETED_DEVICE_FAMILY = "1,2";
			};
			name = Release;
		};
/* End XCBuildConfiguration section */

/* Begin XCConfigurationList section */
		71AFFB2A1FE58DF200BE773C /* Build configuration list for PBXProject "VeryOriginalPuzzleGame" */ = {
			isa = XCConfigurationList;
			buildConfigurations = (
				71AFFB451FE58DF200BE773C /* Debug */,
				71AFFB461FE58DF200BE773C /* Release */,
			);
			defaultConfigurationIsVisible = 0;
			defaultConfigurationName = Release;
		};
		71AFFB471FE58DF200BE773C /* Build configuration list for PBXNativeTarget "VeryOriginalPuzzleGame" */ = {
			isa = XCConfigurationList;
			buildConfigurations = (
				71AFFB481FE58DF200BE773C /* Debug */,
				71AFFB491FE58DF200BE773C /* Release */,
			);
			defaultConfigurationIsVisible = 0;
			defaultConfigurationName = Release;
		};
/* End XCConfigurationList section */
	};
	rootObject = 71AFFB271FE58DF200BE773C /* Project object */;
}
